// !$*UTF8*$!
{
	archiveVersion = 1;
	classes = {
	};
	objectVersion = 46;
	objects = {

/* Begin PBXBuildFile section */
		837CB4D81EA66AC10081F760 /* AppDelegate.swift in Sources */ = {isa = PBXBuildFile; fileRef = 837CB4D71EA66AC10081F760 /* AppDelegate.swift */; };
		837CB4DA1EA66AC10081F760 /* ViewController.swift in Sources */ = {isa = PBXBuildFile; fileRef = 837CB4D91EA66AC10081F760 /* ViewController.swift */; };
		837CB4DD1EA66AC10081F760 /* Main.storyboard in Resources */ = {isa = PBXBuildFile; fileRef = 837CB4DB1EA66AC10081F760 /* Main.storyboard */; };
		837CB4DF1EA66AC10081F760 /* Assets.xcassets in Resources */ = {isa = PBXBuildFile; fileRef = 837CB4DE1EA66AC10081F760 /* Assets.xcassets */; };
		837CB4E21EA66AC10081F760 /* LaunchScreen.storyboard in Resources */ = {isa = PBXBuildFile; fileRef = 837CB4E01EA66AC10081F760 /* LaunchScreen.storyboard */; };
		837CB4ED1EA66AC20081F760 /* BG_CalculatorTests.swift in Sources */ = {isa = PBXBuildFile; fileRef = 837CB4EC1EA66AC20081F760 /* BG_CalculatorTests.swift */; };
		837CB4F81EA66AC20081F760 /* BG_CalculatorUITests.swift in Sources */ = {isa = PBXBuildFile; fileRef = 837CB4F71EA66AC20081F760 /* BG_CalculatorUITests.swift */; };
/* End PBXBuildFile section */

/* Begin PBXContainerItemProxy section */
		837CB4E91EA66AC20081F760 /* PBXContainerItemProxy */ = {
			isa = PBXContainerItemProxy;
			containerPortal = 837CB4CC1EA66AC10081F760 /* Project object */;
			proxyType = 1;
			remoteGlobalIDString = 837CB4D31EA66AC10081F760;
			remoteInfo = BG_Calculator;
		};
		837CB4F41EA66AC20081F760 /* PBXContainerItemProxy */ = {
			isa = PBXContainerItemProxy;
			containerPortal = 837CB4CC1EA66AC10081F760 /* Project object */;
			proxyType = 1;
			remoteGlobalIDString = 837CB4D31EA66AC10081F760;
			remoteInfo = BG_Calculator;
		};
/* End PBXContainerItemProxy section */

/* Begin PBXFileReference section */
		837CB4D41EA66AC10081F760 /* BG_Calculator.app */ = {isa = PBXFileReference; explicitFileType = wrapper.application; includeInIndex = 0; path = BG_Calculator.app; sourceTree = BUILT_PRODUCTS_DIR; };
		837CB4D71EA66AC10081F760 /* AppDelegate.swift */ = {isa = PBXFileReference; lastKnownFileType = sourcecode.swift; path = AppDelegate.swift; sourceTree = "<group>"; };
		837CB4D91EA66AC10081F760 /* ViewController.swift */ = {isa = PBXFileReference; lastKnownFileType = sourcecode.swift; path = ViewController.swift; sourceTree = "<group>"; };
		837CB4DC1EA66AC10081F760 /* Base */ = {isa = PBXFileReference; lastKnownFileType = file.storyboard; name = Base; path = Base.lproj/Main.storyboard; sourceTree = "<group>"; };
		837CB4DE1EA66AC10081F760 /* Assets.xcassets */ = {isa = PBXFileReference; lastKnownFileType = folder.assetcatalog; path = Assets.xcassets; sourceTree = "<group>"; };
		837CB4E11EA66AC10081F760 /* Base */ = {isa = PBXFileReference; lastKnownFileType = file.storyboard; name = Base; path = Base.lproj/LaunchScreen.storyboard; sourceTree = "<group>"; };
		837CB4E31EA66AC10081F760 /* Info.plist */ = {isa = PBXFileReference; lastKnownFileType = text.plist.xml; path = Info.plist; sourceTree = "<group>"; };
		837CB4E81EA66AC20081F760 /* BG_CalculatorTests.xctest */ = {isa = PBXFileReference; explicitFileType = wrapper.cfbundle; includeInIndex = 0; path = BG_CalculatorTests.xctest; sourceTree = BUILT_PRODUCTS_DIR; };
		837CB4EC1EA66AC20081F760 /* BG_CalculatorTests.swift */ = {isa = PBXFileReference; lastKnownFileType = sourcecode.swift; path = BG_CalculatorTests.swift; sourceTree = "<group>"; };
		837CB4EE1EA66AC20081F760 /* Info.plist */ = {isa = PBXFileReference; lastKnownFileType = text.plist.xml; path = Info.plist; sourceTree = "<group>"; };
		837CB4F31EA66AC20081F760 /* BG_CalculatorUITests.xctest */ = {isa = PBXFileReference; explicitFileType = wrapper.cfbundle; includeInIndex = 0; path = BG_CalculatorUITests.xctest; sourceTree = BUILT_PRODUCTS_DIR; };
		837CB4F71EA66AC20081F760 /* BG_CalculatorUITests.swift */ = {isa = PBXFileReference; lastKnownFileType = sourcecode.swift; path = BG_CalculatorUITests.swift; sourceTree = "<group>"; };
		837CB4F91EA66AC20081F760 /* Info.plist */ = {isa = PBXFileReference; lastKnownFileType = text.plist.xml; path = Info.plist; sourceTree = "<group>"; };
/* End PBXFileReference section */

/* Begin PBXFrameworksBuildPhase section */
		837CB4D11EA66AC10081F760 /* Frameworks */ = {
			isa = PBXFrameworksBuildPhase;
			buildActionMask = 2147483647;
			files = (
			);
			runOnlyForDeploymentPostprocessing = 0;
		};
		837CB4E51EA66AC20081F760 /* Frameworks */ = {
			isa = PBXFrameworksBuildPhase;
			buildActionMask = 2147483647;
			files = (
			);
			runOnlyForDeploymentPostprocessing = 0;
		};
		837CB4F01EA66AC20081F760 /* Frameworks */ = {
			isa = PBXFrameworksBuildPhase;
			buildActionMask = 2147483647;
			files = (
			);
			runOnlyForDeploymentPostprocessing = 0;
		};
/* End PBXFrameworksBuildPhase section */

/* Begin PBXGroup section */
		837CB4CB1EA66AC10081F760 = {
			isa = PBXGroup;
			children = (
				837CB4D61EA66AC10081F760 /* BG_Calculator */,
				837CB4EB1EA66AC20081F760 /* BG_CalculatorTests */,
				837CB4F61EA66AC20081F760 /* BG_CalculatorUITests */,
				837CB4D51EA66AC10081F760 /* Products */,
			);
			sourceTree = "<group>";
		};
		837CB4D51EA66AC10081F760 /* Products */ = {
			isa = PBXGroup;
			children = (
				837CB4D41EA66AC10081F760 /* BG_Calculator.app */,
				837CB4E81EA66AC20081F760 /* BG_CalculatorTests.xctest */,
				837CB4F31EA66AC20081F760 /* BG_CalculatorUITests.xctest */,
			);
			name = Products;
			sourceTree = "<group>";
		};
		837CB4D61EA66AC10081F760 /* BG_Calculator */ = {
			isa = PBXGroup;
			children = (
				837CB4D71EA66AC10081F760 /* AppDelegate.swift */,
				837CB4D91EA66AC10081F760 /* ViewController.swift */,
				837CB4DB1EA66AC10081F760 /* Main.storyboard */,
				837CB4DE1EA66AC10081F760 /* Assets.xcassets */,
				837CB4E01EA66AC10081F760 /* LaunchScreen.storyboard */,
				837CB4E31EA66AC10081F760 /* Info.plist */,
			);
			path = BG_Calculator;
			sourceTree = "<group>";
		};
		837CB4EB1EA66AC20081F760 /* BG_CalculatorTests */ = {
			isa = PBXGroup;
			children = (
				837CB4EC1EA66AC20081F760 /* BG_CalculatorTests.swift */,
				837CB4EE1EA66AC20081F760 /* Info.plist */,
			);
			path = BG_CalculatorTests;
			sourceTree = "<group>";
		};
		837CB4F61EA66AC20081F760 /* BG_CalculatorUITests */ = {
			isa = PBXGroup;
			children = (
				837CB4F71EA66AC20081F760 /* BG_CalculatorUITests.swift */,
				837CB4F91EA66AC20081F760 /* Info.plist */,
			);
			path = BG_CalculatorUITests;
			sourceTree = "<group>";
		};
/* End PBXGroup section */

/* Begin PBXNativeTarget section */
		837CB4D31EA66AC10081F760 /* BG_Calculator */ = {
			isa = PBXNativeTarget;
			buildConfigurationList = 837CB4FC1EA66AC20081F760 /* Build configuration list for PBXNativeTarget "BG_Calculator" */;
			buildPhases = (
				837CB4D01EA66AC10081F760 /* Sources */,
				837CB4D11EA66AC10081F760 /* Frameworks */,
				837CB4D21EA66AC10081F760 /* Resources */,
			);
			buildRules = (
			);
			dependencies = (
			);
			name = BG_Calculator;
			productName = BG_Calculator;
			productReference = 837CB4D41EA66AC10081F760 /* BG_Calculator.app */;
			productType = "com.apple.product-type.application";
		};
		837CB4E71EA66AC20081F760 /* BG_CalculatorTests */ = {
			isa = PBXNativeTarget;
			buildConfigurationList = 837CB4FF1EA66AC20081F760 /* Build configuration list for PBXNativeTarget "BG_CalculatorTests" */;
			buildPhases = (
				837CB4E41EA66AC20081F760 /* Sources */,
				837CB4E51EA66AC20081F760 /* Frameworks */,
				837CB4E61EA66AC20081F760 /* Resources */,
			);
			buildRules = (
			);
			dependencies = (
				837CB4EA1EA66AC20081F760 /* PBXTargetDependency */,
			);
			name = BG_CalculatorTests;
			productName = BG_CalculatorTests;
			productReference = 837CB4E81EA66AC20081F760 /* BG_CalculatorTests.xctest */;
			productType = "com.apple.product-type.bundle.unit-test";
		};
		837CB4F21EA66AC20081F760 /* BG_CalculatorUITests */ = {
			isa = PBXNativeTarget;
			buildConfigurationList = 837CB5021EA66AC20081F760 /* Build configuration list for PBXNativeTarget "BG_CalculatorUITests" */;
			buildPhases = (
				837CB4EF1EA66AC20081F760 /* Sources */,
				837CB4F01EA66AC20081F760 /* Frameworks */,
				837CB4F11EA66AC20081F760 /* Resources */,
			);
			buildRules = (
			);
			dependencies = (
				837CB4F51EA66AC20081F760 /* PBXTargetDependency */,
			);
			name = BG_CalculatorUITests;
			productName = BG_CalculatorUITests;
			productReference = 837CB4F31EA66AC20081F760 /* BG_CalculatorUITests.xctest */;
			productType = "com.apple.product-type.bundle.ui-testing";
		};
/* End PBXNativeTarget section */

/* Begin PBXProject section */
		837CB4CC1EA66AC10081F760 /* Project object */ = {
			isa = PBXProject;
			attributes = {
				LastSwiftUpdateCheck = 0830;
				LastUpgradeCheck = 0830;
				ORGANIZATIONNAME = XuanBac;
				TargetAttributes = {
					837CB4D31EA66AC10081F760 = {
						CreatedOnToolsVersion = 8.3.1;
						DevelopmentTeam = D9L6JVDPWS;
						ProvisioningStyle = Automatic;
					};
					837CB4E71EA66AC20081F760 = {
						CreatedOnToolsVersion = 8.3.1;
						DevelopmentTeam = D9L6JVDPWS;
						ProvisioningStyle = Automatic;
						TestTargetID = 837CB4D31EA66AC10081F760;
					};
					837CB4F21EA66AC20081F760 = {
						CreatedOnToolsVersion = 8.3.1;
						DevelopmentTeam = D9L6JVDPWS;
						ProvisioningStyle = Automatic;
						TestTargetID = 837CB4D31EA66AC10081F760;
					};
				};
			};
			buildConfigurationList = 837CB4CF1EA66AC10081F760 /* Build configuration list for PBXProject "BG_Calculator" */;
			compatibilityVersion = "Xcode 3.2";
			developmentRegion = English;
			hasScannedForEncodings = 0;
			knownRegions = (
				en,
				Base,
			);
			mainGroup = 837CB4CB1EA66AC10081F760;
			productRefGroup = 837CB4D51EA66AC10081F760 /* Products */;
			projectDirPath = "";
			projectRoot = "";
			targets = (
				837CB4D31EA66AC10081F760 /* BG_Calculator */,
				837CB4E71EA66AC20081F760 /* BG_CalculatorTests */,
				837CB4F21EA66AC20081F760 /* BG_CalculatorUITests */,
			);
		};
/* End PBXProject section */

/* Begin PBXResourcesBuildPhase section */
		837CB4D21EA66AC10081F760 /* Resources */ = {
			isa = PBXResourcesBuildPhase;
			buildActionMask = 2147483647;
			files = (
				837CB4E21EA66AC10081F760 /* LaunchScreen.storyboard in Resources */,
				837CB4DF1EA66AC10081F760 /* Assets.xcassets in Resources */,
				837CB4DD1EA66AC10081F760 /* Main.storyboard in Resources */,
			);
			runOnlyForDeploymentPostprocessing = 0;
		};
		837CB4E61EA66AC20081F760 /* Resources */ = {
			isa = PBXResourcesBuildPhase;
			buildActionMask = 2147483647;
			files = (
			);
			runOnlyForDeploymentPostprocessing = 0;
		};
		837CB4F11EA66AC20081F760 /* Resources */ = {
			isa = PBXResourcesBuildPhase;
			buildActionMask = 2147483647;
			files = (
			);
			runOnlyForDeploymentPostprocessing = 0;
		};
/* End PBXResourcesBuildPhase section */

/* Begin PBXSourcesBuildPhase section */
		837CB4D01EA66AC10081F760 /* Sources */ = {
			isa = PBXSourcesBuildPhase;
			buildActionMask = 2147483647;
			files = (
				837CB4DA1EA66AC10081F760 /* ViewController.swift in Sources */,
				837CB4D81EA66AC10081F760 /* AppDelegate.swift in Sources */,
			);
			runOnlyForDeploymentPostprocessing = 0;
		};
		837CB4E41EA66AC20081F760 /* Sources */ = {
			isa = PBXSourcesBuildPhase;
			buildActionMask = 2147483647;
			files = (
				837CB4ED1EA66AC20081F760 /* BG_CalculatorTests.swift in Sources */,
			);
			runOnlyForDeploymentPostprocessing = 0;
		};
		837CB4EF1EA66AC20081F760 /* Sources */ = {
			isa = PBXSourcesBuildPhase;
			buildActionMask = 2147483647;
			files = (
				837CB4F81EA66AC20081F760 /* BG_CalculatorUITests.swift in Sources */,
			);
			runOnlyForDeploymentPostprocessing = 0;
		};
/* End PBXSourcesBuildPhase section */

/* Begin PBXTargetDependency section */
		837CB4EA1EA66AC20081F760 /* PBXTargetDependency */ = {
			isa = PBXTargetDependency;
			target = 837CB4D31EA66AC10081F760 /* BG_Calculator */;
			targetProxy = 837CB4E91EA66AC20081F760 /* PBXContainerItemProxy */;
		};
		837CB4F51EA66AC20081F760 /* PBXTargetDependency */ = {
			isa = PBXTargetDependency;
			target = 837CB4D31EA66AC10081F760 /* BG_Calculator */;
			targetProxy = 837CB4F41EA66AC20081F760 /* PBXContainerItemProxy */;
		};
/* End PBXTargetDependency section */

/* Begin PBXVariantGroup section */
		837CB4DB1EA66AC10081F760 /* Main.storyboard */ = {
			isa = PBXVariantGroup;
			children = (
				837CB4DC1EA66AC10081F760 /* Base */,
			);
			name = Main.storyboard;
			sourceTree = "<group>";
		};
		837CB4E01EA66AC10081F760 /* LaunchScreen.storyboard */ = {
			isa = PBXVariantGroup;
			children = (
				837CB4E11EA66AC10081F760 /* Base */,
			);
			name = LaunchScreen.storyboard;
			sourceTree = "<group>";
		};
/* End PBXVariantGroup section */

/* Begin XCBuildConfiguration section */
		837CB4FA1EA66AC20081F760 /* Debug */ = {
			isa = XCBuildConfiguration;
			buildSettings = {
				ALWAYS_SEARCH_USER_PATHS = NO;
				CLANG_ANALYZER_NONNULL = YES;
				CLANG_ANALYZER_NUMBER_OBJECT_CONVERSION = YES_AGGRESSIVE;
				CLANG_CXX_LANGUAGE_STANDARD = "gnu++0x";
				CLANG_CXX_LIBRARY = "libc++";
				CLANG_ENABLE_MODULES = YES;
				CLANG_ENABLE_OBJC_ARC = YES;
				CLANG_WARN_BOOL_CONVERSION = YES;
				CLANG_WARN_CONSTANT_CONVERSION = YES;
				CLANG_WARN_DIRECT_OBJC_ISA_USAGE = YES_ERROR;
				CLANG_WARN_DOCUMENTATION_COMMENTS = YES;
				CLANG_WARN_EMPTY_BODY = YES;
				CLANG_WARN_ENUM_CONVERSION = YES;
				CLANG_WARN_INFINITE_RECURSION = YES;
				CLANG_WARN_INT_CONVERSION = YES;
				CLANG_WARN_OBJC_ROOT_CLASS = YES_ERROR;
				CLANG_WARN_SUSPICIOUS_MOVE = YES;
				CLANG_WARN_UNREACHABLE_CODE = YES;
				CLANG_WARN__DUPLICATE_METHOD_MATCH = YES;
				"CODE_SIGN_IDENTITY[sdk=iphoneos*]" = "iPhone Developer";
				COPY_PHASE_STRIP = NO;
				DEBUG_INFORMATION_FORMAT = dwarf;
				ENABLE_STRICT_OBJC_MSGSEND = YES;
				ENABLE_TESTABILITY = YES;
				GCC_C_LANGUAGE_STANDARD = gnu99;
				GCC_DYNAMIC_NO_PIC = NO;
				GCC_NO_COMMON_BLOCKS = YES;
				GCC_OPTIMIZATION_LEVEL = 0;
				GCC_PREPROCESSOR_DEFINITIONS = (
					"DEBUG=1",
					"$(inherited)",
				);
				GCC_WARN_64_TO_32_BIT_CONVERSION = YES;
				GCC_WARN_ABOUT_RETURN_TYPE = YES_ERROR;
				GCC_WARN_UNDECLARED_SELECTOR = YES;
				GCC_WARN_UNINITIALIZED_AUTOS = YES_AGGRESSIVE;
				GCC_WARN_UNUSED_FUNCTION = YES;
				GCC_WARN_UNUSED_VARIABLE = YES;
				IPHONEOS_DEPLOYMENT_TARGET = 10.3;
				MTL_ENABLE_DEBUG_INFO = YES;
				ONLY_ACTIVE_ARCH = YES;
				SDKROOT = iphoneos;
				SWIFT_ACTIVE_COMPILATION_CONDITIONS = DEBUG;
				SWIFT_OPTIMIZATION_LEVEL = "-Onone";
				TARGETED_DEVICE_FAMILY = "1,2";
			};
			name = Debug;
		};
		837CB4FB1EA66AC20081F760 /* Release */ = {
			isa = XCBuildConfiguration;
			buildSettings = {
				ALWAYS_SEARCH_USER_PATHS = NO;
				CLANG_ANALYZER_NONNULL = YES;
				CLANG_ANALYZER_NUMBER_OBJECT_CONVERSION = YES_AGGRESSIVE;
				CLANG_CXX_LANGUAGE_STANDARD = "gnu++0x";
				CLANG_CXX_LIBRARY = "libc++";
				CLANG_ENABLE_MODULES = YES;
				CLANG_ENABLE_OBJC_ARC = YES;
				CLANG_WARN_BOOL_CONVERSION = YES;
				CLANG_WARN_CONSTANT_CONVERSION = YES;
				CLANG_WARN_DIRECT_OBJC_ISA_USAGE = YES_ERROR;
				CLANG_WARN_DOCUMENTATION_COMMENTS = YES;
				CLANG_WARN_EMPTY_BODY = YES;
				CLANG_WARN_ENUM_CONVERSION = YES;
				CLANG_WARN_INFINITE_RECURSION = YES;
				CLANG_WARN_INT_CONVERSION = YES;
				CLANG_WARN_OBJC_ROOT_CLASS = YES_ERROR;
				CLANG_WARN_SUSPICIOUS_MOVE = YES;
				CLANG_WARN_UNREACHABLE_CODE = YES;
				CLANG_WARN__DUPLICATE_METHOD_MATCH = YES;
				"CODE_SIGN_IDENTITY[sdk=iphoneos*]" = "iPhone Developer";
				COPY_PHASE_STRIP = NO;
				DEBUG_INFORMATION_FORMAT = "dwarf-with-dsym";
				ENABLE_NS_ASSERTIONS = NO;
				ENABLE_STRICT_OBJC_MSGSEND = YES;
				GCC_C_LANGUAGE_STANDARD = gnu99;
				GCC_NO_COMMON_BLOCKS = YES;
				GCC_WARN_64_TO_32_BIT_CONVERSION = YES;
				GCC_WARN_ABOUT_RETURN_TYPE = YES_ERROR;
				GCC_WARN_UNDECLARED_SELECTOR = YES;
				GCC_WARN_UNINITIALIZED_AUTOS = YES_AGGRESSIVE;
				GCC_WARN_UNUSED_FUNCTION = YES;
				GCC_WARN_UNUSED_VARIABLE = YES;
				IPHONEOS_DEPLOYMENT_TARGET = 10.3;
				MTL_ENABLE_DEBUG_INFO = NO;
				SDKROOT = iphoneos;
				SWIFT_OPTIMIZATION_LEVEL = "-Owholemodule";
				TARGETED_DEVICE_FAMILY = "1,2";
				VALIDATE_PRODUCT = YES;
			};
			name = Release;
		};
		837CB4FD1EA66AC20081F760 /* Debug */ = {
			isa = XCBuildConfiguration;
			buildSettings = {
				ASSETCATALOG_COMPILER_APPICON_NAME = AppIcon;
				DEVELOPMENT_TEAM = D9L6JVDPWS;
				INFOPLIST_FILE = BG_Calculator/Info.plist;
				LD_RUNPATH_SEARCH_PATHS = "$(inherited) @executable_path/Frameworks";
				PRODUCT_BUNDLE_IDENTIFIER = "XuanBac.BG-Calculator";
				PRODUCT_NAME = "$(TARGET_NAME)";
				SWIFT_VERSION = 3.0;
			};
			name = Debug;
		};
		837CB4FE1EA66AC20081F760 /* Release */ = {
			isa = XCBuildConfiguration;
			buildSettings = {
				ASSETCATALOG_COMPILER_APPICON_NAME = AppIcon;
				DEVELOPMENT_TEAM = D9L6JVDPWS;
				INFOPLIST_FILE = BG_Calculator/Info.plist;
				LD_RUNPATH_SEARCH_PATHS = "$(inherited) @executable_path/Frameworks";
				PRODUCT_BUNDLE_IDENTIFIER = "XuanBac.BG-Calculator";
				PRODUCT_NAME = "$(TARGET_NAME)";
				SWIFT_VERSION = 3.0;
			};
			name = Release;
		};
		837CB5001EA66AC20081F760 /* Debug */ = {
			isa = XCBuildConfiguration;
			buildSettings = {
				ALWAYS_EMBED_SWIFT_STANDARD_LIBRARIES = YES;
				BUNDLE_LOADER = "$(TEST_HOST)";
				DEVELOPMENT_TEAM = D9L6JVDPWS;
				INFOPLIST_FILE = BG_CalculatorTests/Info.plist;
				LD_RUNPATH_SEARCH_PATHS = "$(inherited) @executable_path/Frameworks @loader_path/Frameworks";
				PRODUCT_BUNDLE_IDENTIFIER = "XuanBac.BG-CalculatorTests";
				PRODUCT_NAME = "$(TARGET_NAME)";
				SWIFT_VERSION = 3.0;
				TEST_HOST = "$(BUILT_PRODUCTS_DIR)/BG_Calculator.app/BG_Calculator";
			};
			name = Debug;
		};
		837CB5011EA66AC20081F760 /* Release */ = {
			isa = XCBuildConfiguration;
			buildSettings = {
				ALWAYS_EMBED_SWIFT_STANDARD_LIBRARIES = YES;
				BUNDLE_LOADER = "$(TEST_HOST)";
				DEVELOPMENT_TEAM = D9L6JVDPWS;
				INFOPLIST_FILE = BG_CalculatorTests/Info.plist;
				LD_RUNPATH_SEARCH_PATHS = "$(inherited) @executable_path/Frameworks @loader_path/Frameworks";
				PRODUCT_BUNDLE_IDENTIFIER = "XuanBac.BG-CalculatorTests";
				PRODUCT_NAME = "$(TARGET_NAME)";
				SWIFT_VERSION = 3.0;
				TEST_HOST = "$(BUILT_PRODUCTS_DIR)/BG_Calculator.app/BG_Calculator";
			};
			name = Release;
		};
		837CB5031EA66AC20081F760 /* Debug */ = {
			isa = XCBuildConfiguration;
			buildSettings = {
				ALWAYS_EMBED_SWIFT_STANDARD_LIBRARIES = YES;
				DEVELOPMENT_TEAM = D9L6JVDPWS;
				INFOPLIST_FILE = BG_CalculatorUITests/Info.plist;
				LD_RUNPATH_SEARCH_PATHS = "$(inherited) @executable_path/Frameworks @loader_path/Frameworks";
				PRODUCT_BUNDLE_IDENTIFIER = "XuanBac.BG-CalculatorUITests";
				PRODUCT_NAME = "$(TARGET_NAME)";
				SWIFT_VERSION = 3.0;
				TEST_TARGET_NAME = BG_Calculator;
			};
			name = Debug;
		};
		837CB5041EA66AC20081F760 /* Release */ = {
			isa = XCBuildConfiguration;
			buildSettings = {
				ALWAYS_EMBED_SWIFT_STANDARD_LIBRARIES = YES;
				DEVELOPMENT_TEAM = D9L6JVDPWS;
				INFOPLIST_FILE = BG_CalculatorUITests/Info.plist;
				LD_RUNPATH_SEARCH_PATHS = "$(inherited) @executable_path/Frameworks @loader_path/Frameworks";
				PRODUCT_BUNDLE_IDENTIFIER = "XuanBac.BG-CalculatorUITests";
				PRODUCT_NAME = "$(TARGET_NAME)";
				SWIFT_VERSION = 3.0;
				TEST_TARGET_NAME = BG_Calculator;
			};
			name = Release;
		};
/* End XCBuildConfiguration section */

/* Begin XCConfigurationList section */
		837CB4CF1EA66AC10081F760 /* Build configuration list for PBXProject "BG_Calculator" */ = {
			isa = XCConfigurationList;
			buildConfigurations = (
				837CB4FA1EA66AC20081F760 /* Debug */,
				837CB4FB1EA66AC20081F760 /* Release */,
			);
			defaultConfigurationIsVisible = 0;
			defaultConfigurationName = Release;
		};
		837CB4FC1EA66AC20081F760 /* Build configuration list for PBXNativeTarget "BG_Calculator" */ = {
			isa = XCConfigurationList;
			buildConfigurations = (
				837CB4FD1EA66AC20081F760 /* Debug */,
				837CB4FE1EA66AC20081F760 /* Release */,
			);
			defaultConfigurationIsVisible = 0;
		};
		837CB4FF1EA66AC20081F760 /* Build configuration list for PBXNativeTarget "BG_CalculatorTests" */ = {
			isa = XCConfigurationList;
			buildConfigurations = (
				837CB5001EA66AC20081F760 /* Debug */,
				837CB5011EA66AC20081F760 /* Release */,
			);
			defaultConfigurationIsVisible = 0;
		};
		837CB5021EA66AC20081F760 /* Build configuration list for PBXNativeTarget "BG_CalculatorUITests" */ = {
			isa = XCConfigurationList;
			buildConfigurations = (
				837CB5031EA66AC20081F760 /* Debug */,
				837CB5041EA66AC20081F760 /* Release */,
			);
			defaultConfigurationIsVisible = 0;
		};
/* End XCConfigurationList section */
	};
	rootObject = 837CB4CC1EA66AC10081F760 /* Project object */;
}
